
Microsoft Visual Studio Solution File, Format Version 12.00
# Visual Studio Version 17
VisualStudioVersion = 17.11.35222.181
MinimumVisualStudioVersion = 10.0.40219.1
Project("{FAE04EC0-301F-11D3-BF4B-00C04F79EFBC}") = "GoogleAuthticationExample", "GoogleAuthticationExample.csproj", "{747ABEB0-0056-49CF-8D0E-AE2FCD0D555D}"
EndProject
Global
	GlobalSection(SolutionConfigurationPlatforms) = preSolution
		Debug|Any CPU = Debug|Any CPU
		Release|Any CPU = Release|Any CPU
	EndGlobalSection
	GlobalSection(ProjectConfigurationPlatforms) = postSolution
		{747ABEB0-0056-49CF-8D0E-AE2FCD0D555D}.Debug|Any CPU.ActiveCfg = Debug|Any CPU
		{747ABEB0-0056-49CF-8D0E-AE2FCD0D555D}.Debug|Any CPU.Build.0 = Debug|Any CPU
		{747ABEB0-0056-49CF-8D0E-AE2FCD0D555D}.Release|Any CPU.ActiveCfg = Release|Any CPU
		{747ABEB0-0056-49CF-8D0E-AE2FCD0D555D}.Release|Any CPU.Build.0 = Release|Any CPU
	EndGlobalSection
	GlobalSection(SolutionProperties) = preSolution
		HideSolutionNode = FALSE
	EndGlobalSection
	GlobalSection(ExtensibilityGlobals) = postSolution
		SolutionGuid = {AB90E8B7-9470-476A-AB27-97A62E7F14D0}
	EndGlobalSection
EndGlobal
